
Microsoft Visual Studio Solution File, Format Version 12.00
# Visual Studio Version 16
VisualStudioVersion = 16.0.31911.196
MinimumVisualStudioVersion = 10.0.40219.1
Project("{FAE04EC0-301F-11D3-BF4B-00C04F79EFBC}") = "LocalDatabaseTutorial.Android", "LocalDatabaseTutorial\LocalDatabaseTutorial.Android\LocalDatabaseTutorial.Android.csproj", "{2BFCB970-E568-4B3C-9B6A-69B242DD55D2}"
EndProject
Project("{FAE04EC0-301F-11D3-BF4B-00C04F79EFBC}") = "LocalDatabaseTutorial.iOS", "LocalDatabaseTutorial\LocalDatabaseTutorial.iOS\LocalDatabaseTutorial.iOS.csproj", "{5AE6B9D4-C20F-48B7-93DB-6BF7CA5CDAB1}"
EndProject
Project("{FAE04EC0-301F-11D3-BF4B-00C04F79EFBC}") = "LocalDatabaseTutorial", "LocalDatabaseTutorial\LocalDatabaseTutorial\LocalDatabaseTutorial.csproj", "{78B9DD45-6FD9-49D4-A858-BB33E0024939}"
EndProject
Global
	GlobalSection(SolutionConfigurationPlatforms) = preSolution
		Debug|Any CPU = Debug|Any CPU
		Debug|iPhone = Debug|iPhone
		Debug|iPhoneSimulator = Debug|iPhoneSimulator
		Release|Any CPU = Release|Any CPU
		Release|iPhone = Release|iPhone
		Release|iPhoneSimulator = Release|iPhoneSimulator
	EndGlobalSection
	GlobalSection(ProjectConfigurationPlatforms) = postSolution
		{2BFCB970-E568-4B3C-9B6A-69B242DD55D2}.Debug|Any CPU.ActiveCfg = Debug|Any CPU
		{2BFCB970-E568-4B3C-9B6A-69B242DD55D2}.Debug|Any CPU.Build.0 = Debug|Any CPU
		{2BFCB970-E568-4B3C-9B6A-69B242DD55D2}.Debug|Any CPU.Deploy.0 = Debug|Any CPU
		{2BFCB970-E568-4B3C-9B6A-69B242DD55D2}.Debug|iPhone.ActiveCfg = Debug|Any CPU
		{2BFCB970-E568-4B3C-9B6A-69B242DD55D2}.Debug|iPhone.Build.0 = Debug|Any CPU
		{2BFCB970-E568-4B3C-9B6A-69B242DD55D2}.Debug|iPhone.Deploy.0 = Debug|Any CPU
		{2BFCB970-E568-4B3C-9B6A-69B242DD55D2}.Debug|iPhoneSimulator.ActiveCfg = Debug|Any CPU
		{2BFCB970-E568-4B3C-9B6A-69B242DD55D2}.Debug|iPhoneSimulator.Build.0 = Debug|Any CPU
		{2BFCB970-E568-4B3C-9B6A-69B242DD55D2}.Debug|iPhoneSimulator.Deploy.0 = Debug|Any CPU
		{2BFCB970-E568-4B3C-9B6A-69B242DD55D2}.Release|Any CPU.ActiveCfg = Release|Any CPU
		{2BFCB970-E568-4B3C-9B6A-69B242DD55D2}.Release|Any CPU.Build.0 = Release|Any CPU
		{2BFCB970-E568-4B3C-9B6A-69B242DD55D2}.Release|Any CPU.Deploy.0 = Release|Any CPU
		{2BFCB970-E568-4B3C-9B6A-69B242DD55D2}.Release|iPhone.ActiveCfg = Release|Any CPU
		{2BFCB970-E568-4B3C-9B6A-69B242DD55D2}.Release|iPhone.Build.0 = Release|Any CPU
		{2BFCB970-E568-4B3C-9B6A-69B242DD55D2}.Release|iPhone.Deploy.0 = Release|Any CPU
		{2BFCB970-E568-4B3C-9B6A-69B242DD55D2}.Release|iPhoneSimulator.ActiveCfg = Release|Any CPU
		{2BFCB970-E568-4B3C-9B6A-69B242DD55D2}.Release|iPhoneSimulator.Build.0 = Release|Any CPU
		{2BFCB970-E568-4B3C-9B6A-69B242DD55D2}.Release|iPhoneSimulator.Deploy.0 = Release|Any CPU
		{5AE6B9D4-C20F-48B7-93DB-6BF7CA5CDAB1}.Debug|Any CPU.ActiveCfg = Debug|iPhone
		{5AE6B9D4-C20F-48B7-93DB-6BF7CA5CDAB1}.Debug|Any CPU.Build.0 = Debug|iPhone
		{5AE6B9D4-C20F-48B7-93DB-6BF7CA5CDAB1}.Debug|Any CPU.Deploy.0 = Debug|iPhone
		{5AE6B9D4-C20F-48B7-93DB-6BF7CA5CDAB1}.Debug|iPhone.ActiveCfg = Debug|iPhone
		{5AE6B9D4-C20F-48B7-93DB-6BF7CA5CDAB1}.Debug|iPhone.Build.0 = Debug|iPhone
		{5AE6B9D4-C20F-48B7-93DB-6BF7CA5CDAB1}.Debug|iPhone.Deploy.0 = Debug|iPhone
		{5AE6B9D4-C20F-48B7-93DB-6BF7CA5CDAB1}.Debug|iPhoneSimulator.ActiveCfg = Debug|iPhoneSimulator
		{5AE6B9D4-C20F-48B7-93DB-6BF7CA5CDAB1}.Debug|iPhoneSimulator.Build.0 = Debug|iPhoneSimulator
		{5AE6B9D4-C20F-48B7-93DB-6BF7CA5CDAB1}.Debug|iPhoneSimulator.Deploy.0 = Debug|iPhoneSimulator
		{5AE6B9D4-C20F-48B7-93DB-6BF7CA5CDAB1}.Release|Any CPU.ActiveCfg = Release|iPhoneSimulator
		{5AE6B9D4-C20F-48B7-93DB-6BF7CA5CDAB1}.Release|Any CPU.Build.0 = Release|iPhoneSimulator
		{5AE6B9D4-C20F-48B7-93DB-6BF7CA5CDAB1}.Release|Any CPU.Deploy.0 = Release|iPhoneSimulator
		{5AE6B9D4-C20F-48B7-93DB-6BF7CA5CDAB1}.Release|iPhone.ActiveCfg = Release|iPhone
		{5AE6B9D4-C20F-48B7-93DB-6BF7CA5CDAB1}.Release|iPhone.Build.0 = Release|iPhone
		{5AE6B9D4-C20F-48B7-93DB-6BF7CA5CDAB1}.Release|iPhone.Deploy.0 = Release|iPhone
		{5AE6B9D4-C20F-48B7-93DB-6BF7CA5CDAB1}.Release|iPhoneSimulator.ActiveCfg = Release|iPhoneSimulator
		{5AE6B9D4-C20F-48B7-93DB-6BF7CA5CDAB1}.Release|iPhoneSimulator.Build.0 = Release|iPhoneSimulator
		{5AE6B9D4-C20F-48B7-93DB-6BF7CA5CDAB1}.Release|iPhoneSimulator.Deploy.0 = Release|iPhoneSimulator
		{78B9DD45-6FD9-49D4-A858-BB33E0024939}.Debug|Any CPU.ActiveCfg = Debug|Any CPU
		{78B9DD45-6FD9-49D4-A858-BB33E0024939}.Debug|Any CPU.Build.0 = Debug|Any CPU
		{78B9DD45-6FD9-49D4-A858-BB33E0024939}.Debug|Any CPU.Deploy.0 = Debug|Any CPU
		{78B9DD45-6FD9-49D4-A858-BB33E0024939}.Debug|iPhone.ActiveCfg = Debug|Any CPU
		{78B9DD45-6FD9-49D4-A858-BB33E0024939}.Debug|iPhone.Build.0 = Debug|Any CPU
		{78B9DD45-6FD9-49D4-A858-BB33E0024939}.Debug|iPhone.Deploy.0 = Debug|Any CPU
		{78B9DD45-6FD9-49D4-A858-BB33E0024939}.Debug|iPhoneSimulator.ActiveCfg = Debug|Any CPU
		{78B9DD45-6FD9-49D4-A858-BB33E0024939}.Debug|iPhoneSimulator.Build.0 = Debug|Any CPU
		{78B9DD45-6FD9-49D4-A858-BB33E0024939}.Debug|iPhoneSimulator.Deploy.0 = Debug|Any CPU
		{78B9DD45-6FD9-49D4-A858-BB33E0024939}.Release|Any CPU.ActiveCfg = Release|Any CPU
		{78B9DD45-6FD9-49D4-A858-BB33E0024939}.Release|Any CPU.Build.0 = Release|Any CPU
		{78B9DD45-6FD9-49D4-A858-BB33E0024939}.Release|Any CPU.Deploy.0 = Release|Any CPU
		{78B9DD45-6FD9-49D4-A858-BB33E0024939}.Release|iPhone.ActiveCfg = Release|Any CPU
		{78B9DD45-6FD9-49D4-A858-BB33E0024939}.Release|iPhone.Build.0 = Release|Any CPU
		{78B9DD45-6FD9-49D4-A858-BB33E0024939}.Release|iPhone.Deploy.0 = Release|Any CPU
		{78B9DD45-6FD9-49D4-A858-BB33E0024939}.Release|iPhoneSimulator.ActiveCfg = Release|Any CPU
		{78B9DD45-6FD9-49D4-A858-BB33E0024939}.Release|iPhoneSimulator.Build.0 = Release|Any CPU
		{78B9DD45-6FD9-49D4-A858-BB33E0024939}.Release|iPhoneSimulator.Deploy.0 = Release|Any CPU
	EndGlobalSection
	GlobalSection(SolutionProperties) = preSolution
		HideSolutionNode = FALSE
	EndGlobalSection
	GlobalSection(ExtensibilityGlobals) = postSolution
		SolutionGuid = {24087707-8373-40C1-BA5A-813713FFACBA}
	EndGlobalSection
EndGlobal
